
Microsoft Visual Studio Solution File, Format Version 12.00
# Visual Studio Version 17
VisualStudioVersion = 17.4.33403.182
MinimumVisualStudioVersion = 10.0.40219.1
Project("{FAE04EC0-301F-11D3-BF4B-00C04F79EFBC}") = "Laboratorio02_04", "Laboratorio02_04\Laboratorio02_04.csproj", "{FC097321-439B-4EBA-AC05-36FFA6FE935B}"
EndProject
Global
	GlobalSection(SolutionConfigurationPlatforms) = preSolution
		Debug|Any CPU = Debug|Any CPU
		Release|Any CPU = Release|Any CPU
	EndGlobalSection
	GlobalSection(ProjectConfigurationPlatforms) = postSolution
		{FC097321-439B-4EBA-AC05-36FFA6FE935B}.Debug|Any CPU.ActiveCfg = Debug|Any CPU
		{FC097321-439B-4EBA-AC05-36FFA6FE935B}.Debug|Any CPU.Build.0 = Debug|Any CPU
		{FC097321-439B-4EBA-AC05-36FFA6FE935B}.Release|Any CPU.ActiveCfg = Release|Any CPU
		{FC097321-439B-4EBA-AC05-36FFA6FE935B}.Release|Any CPU.Build.0 = Release|Any CPU
	EndGlobalSection
	GlobalSection(SolutionProperties) = preSolution
		HideSolutionNode = FALSE
	EndGlobalSection
	GlobalSection(ExtensibilityGlobals) = postSolution
		SolutionGuid = {DC4EA96A-491A-499C-B337-C38EBCE3111C}
	EndGlobalSection
EndGlobal
